schema: '2.0'
stages:
  data_ingestion:
    cmd: python src/pipeline/data_ingestion_pipeline.py
    deps:
    - path: src/pipeline/data_ingestion_pipeline.py
      hash: md5
      md5: 48317059033b90772697fd010a8d4d58
      size: 1348
    outs:
    - path: artifacts/data_ingestion/downloaded_data
      hash: md5
      md5: dcfc25ca2e2b3f5ce0e37c5cdf23cc53.dir
      size: 57713952
      nfiles: 1
    - path: artifacts/data_ingestion/extracted_data
      hash: md5
      md5: ee005494770f95e5514d401df54c7734.dir
      size: 58936381
      nfiles: 465
  prepare_base_model:
    cmd: python src/pipeline/prepare_base_model_pipeline.py
    deps:
    - path: src/pipeline/prepare_base_model_pipeline.py
      hash: md5
      md5: 0dbf6d935781520d4e2eb125533b1ce3
      size: 1155
    outs:
    - path: artifacts/prepared_basemodel/base_model
      hash: md5
      md5: 26adcb75bb44287761bb4c48314e0d9e.dir
      size: 58921912
      nfiles: 1
  training_model:
    cmd: python src/pipeline/model_training_pipeline.py
    deps:
    - path: src/pipeline/model_training_pipeline.py
      hash: md5
      md5: 57666f5d94f79a6e67bbd857dfa2f396
      size: 1269
    outs:
    - path: artifacts/model_trainer/trained_model
      hash: md5
      md5: 7d64a5e4440d67523e0e472b82d7cb9a.dir
      size: 59340720
      nfiles: 1
